
Microsoft Visual Studio Solution File, Format Version 12.00
# Visual Studio Version 17
VisualStudioVersion = 17.4.33122.133
MinimumVisualStudioVersion = 10.0.40219.1
Project("{FAE04EC0-301F-11D3-BF4B-00C04F79EFBC}") = "Example2", "Example2\Example2.csproj", "{C43A49B8-5152-46E9-91E4-64774DD2FA7D}"
EndProject
Global
	GlobalSection(SolutionConfigurationPlatforms) = preSolution
		Debug|Any CPU = Debug|Any CPU
		Release|Any CPU = Release|Any CPU
	EndGlobalSection
	GlobalSection(ProjectConfigurationPlatforms) = postSolution
		{C43A49B8-5152-46E9-91E4-64774DD2FA7D}.Debug|Any CPU.ActiveCfg = Debug|Any CPU
		{C43A49B8-5152-46E9-91E4-64774DD2FA7D}.Debug|Any CPU.Build.0 = Debug|Any CPU
		{C43A49B8-5152-46E9-91E4-64774DD2FA7D}.Release|Any CPU.ActiveCfg = Release|Any CPU
		{C43A49B8-5152-46E9-91E4-64774DD2FA7D}.Release|Any CPU.Build.0 = Release|Any CPU
	EndGlobalSection
	GlobalSection(SolutionProperties) = preSolution
		HideSolutionNode = FALSE
	EndGlobalSection
	GlobalSection(ExtensibilityGlobals) = postSolution
		SolutionGuid = {68CB9AD2-3C7B-4BDD-AC3D-36D85E1BE4ED}
	EndGlobalSection
EndGlobal
